
Microsoft Visual Studio Solution File, Format Version 12.00
# Visual Studio 15
VisualStudioVersion = 15.0.28010.2048
MinimumVisualStudioVersion = 10.0.40219.1
Project("{FAE04EC0-301F-11D3-BF4B-00C04F79EFBC}") = "zip301", "zip301\zip301.csproj", "{E5386CC5-1028-4A2E-B803-6A61350CBCBA}"
EndProject
Project("{FAE04EC0-301F-11D3-BF4B-00C04F79EFBC}") = "unzip301", "unzip301\unzip301.csproj", "{86D728AE-7D60-48E4-B0B8-A5FDBD860A42}"
EndProject
Global
	GlobalSection(SolutionConfigurationPlatforms) = preSolution
		Debug|Any CPU = Debug|Any CPU
		Release|Any CPU = Release|Any CPU
	EndGlobalSection
	GlobalSection(ProjectConfigurationPlatforms) = postSolution
		{E5386CC5-1028-4A2E-B803-6A61350CBCBA}.Debug|Any CPU.ActiveCfg = Debug|Any CPU
		{E5386CC5-1028-4A2E-B803-6A61350CBCBA}.Debug|Any CPU.Build.0 = Debug|Any CPU
		{E5386CC5-1028-4A2E-B803-6A61350CBCBA}.Release|Any CPU.ActiveCfg = Release|Any CPU
		{E5386CC5-1028-4A2E-B803-6A61350CBCBA}.Release|Any CPU.Build.0 = Release|Any CPU
		{86D728AE-7D60-48E4-B0B8-A5FDBD860A42}.Debug|Any CPU.ActiveCfg = Debug|Any CPU
		{86D728AE-7D60-48E4-B0B8-A5FDBD860A42}.Debug|Any CPU.Build.0 = Debug|Any CPU
		{86D728AE-7D60-48E4-B0B8-A5FDBD860A42}.Release|Any CPU.ActiveCfg = Release|Any CPU
		{86D728AE-7D60-48E4-B0B8-A5FDBD860A42}.Release|Any CPU.Build.0 = Release|Any CPU
	EndGlobalSection
	GlobalSection(SolutionProperties) = preSolution
		HideSolutionNode = FALSE
	EndGlobalSection
	GlobalSection(ExtensibilityGlobals) = postSolution
		SolutionGuid = {E2231DF2-BB22-45F8-B9FD-5E6EAE8251AB}
	EndGlobalSection
EndGlobal
